
Microsoft Visual Studio Solution File, Format Version 12.00
# Visual Studio 2013
VisualStudioVersion = 12.0.21005.1
MinimumVisualStudioVersion = 10.0.40219.1
Project("{FAE04EC0-301F-11D3-BF4B-00C04F79EFBC}") = "EnumExample", "EnumExample\EnumExample.csproj", "{5B0C8ADF-B2CD-4A6E-9C2A-72AE0F41575D}"
EndProject
Global
	GlobalSection(SolutionConfigurationPlatforms) = preSolution
		Debug|Any CPU = Debug|Any CPU
		Release|Any CPU = Release|Any CPU
	EndGlobalSection
	GlobalSection(ProjectConfigurationPlatforms) = postSolution
		{5B0C8ADF-B2CD-4A6E-9C2A-72AE0F41575D}.Debug|Any CPU.ActiveCfg = Debug|Any CPU
		{5B0C8ADF-B2CD-4A6E-9C2A-72AE0F41575D}.Debug|Any CPU.Build.0 = Debug|Any CPU
		{5B0C8ADF-B2CD-4A6E-9C2A-72AE0F41575D}.Release|Any CPU.ActiveCfg = Release|Any CPU
		{5B0C8ADF-B2CD-4A6E-9C2A-72AE0F41575D}.Release|Any CPU.Build.0 = Release|Any CPU
	EndGlobalSection
	GlobalSection(SolutionProperties) = preSolution
		HideSolutionNode = FALSE
	EndGlobalSection
EndGlobal
